// !$*UTF8*$!
{
	archiveVersion = 1;
	classes = {
	};
	objectVersion = 55;
	objects = {

/* Begin PBXBuildFile section */
		772D80A627779D0A0035B794 /* RemoteImageAgentMock.swift in Sources */ = {isa = PBXBuildFile; fileRef = 772D80A527779D0A0035B794 /* RemoteImageAgentMock.swift */; };
		773AFE4F27595FE7007BC61F /* AppDelegate.swift in Sources */ = {isa = PBXBuildFile; fileRef = 773AFE4E27595FE7007BC61F /* AppDelegate.swift */; };
		773AFE5127595FE7007BC61F /* SceneDelegate.swift in Sources */ = {isa = PBXBuildFile; fileRef = 773AFE5027595FE7007BC61F /* SceneDelegate.swift */; };
		773AFE5627595FE7007BC61F /* Main.storyboard in Resources */ = {isa = PBXBuildFile; fileRef = 773AFE5427595FE7007BC61F /* Main.storyboard */; };
		773AFE5827595FE9007BC61F /* Assets.xcassets in Resources */ = {isa = PBXBuildFile; fileRef = 773AFE5727595FE9007BC61F /* Assets.xcassets */; };
		773AFE5B27595FE9007BC61F /* LaunchScreen.storyboard in Resources */ = {isa = PBXBuildFile; fileRef = 773AFE5927595FE9007BC61F /* LaunchScreen.storyboard */; };
		773AFE7027595FE9007BC61F /* TheMoviesDBUITests.swift in Sources */ = {isa = PBXBuildFile; fileRef = 773AFE6F27595FE9007BC61F /* TheMoviesDBUITests.swift */; };
		773AFE7227595FE9007BC61F /* TheMoviesDBUITestsLaunchTests.swift in Sources */ = {isa = PBXBuildFile; fileRef = 773AFE7127595FE9007BC61F /* TheMoviesDBUITestsLaunchTests.swift */; };
		773AFE842759676E007BC61F /* Movie.swift in Sources */ = {isa = PBXBuildFile; fileRef = 773AFE832759676E007BC61F /* Movie.swift */; };
		773AFE88275969FA007BC61F /* ModelsDecodingTests.swift in Sources */ = {isa = PBXBuildFile; fileRef = 773AFE87275969FA007BC61F /* ModelsDecodingTests.swift */; };
		773AFE8B27596A8E007BC61F /* Movie.json in Resources */ = {isa = PBXBuildFile; fileRef = 773AFE8A27596A8E007BC61F /* Movie.json */; };
		773AFE8E27596BDA007BC61F /* JSONDecoder+Extensions.swift in Sources */ = {isa = PBXBuildFile; fileRef = 773AFE8D27596BDA007BC61F /* JSONDecoder+Extensions.swift */; };
		773AFE9227596DBB007BC61F /* ServerAgentProtocol.swift in Sources */ = {isa = PBXBuildFile; fileRef = 773AFE9127596DBB007BC61F /* ServerAgentProtocol.swift */; };
		773AFE9527596FAF007BC61F /* ServerCommands.swift in Sources */ = {isa = PBXBuildFile; fileRef = 773AFE9427596FAF007BC61F /* ServerCommands.swift */; };
		773AFE972759724C007BC61F /* DiscoverResponse.json in Resources */ = {isa = PBXBuildFile; fileRef = 773AFE962759724C007BC61F /* DiscoverResponse.json */; };
		773AFE9A27597341007BC61F /* ServerAgentMock.swift in Sources */ = {isa = PBXBuildFile; fileRef = 773AFE9927597341007BC61F /* ServerAgentMock.swift */; };
		773AFE9C27597445007BC61F /* DiscoverResponseMock.json in Resources */ = {isa = PBXBuildFile; fileRef = 773AFE9B27597445007BC61F /* DiscoverResponseMock.json */; };
		773AFE9E2759756D007BC61F /* Model.swift in Sources */ = {isa = PBXBuildFile; fileRef = 773AFE9D2759756D007BC61F /* Model.swift */; };
		773AFEA0275975F6007BC61F /* Action.swift in Sources */ = {isa = PBXBuildFile; fileRef = 773AFE9F275975F6007BC61F /* Action.swift */; };
		773AFEA227597ABA007BC61F /* RemoteImageAgentProtocol.swift in Sources */ = {isa = PBXBuildFile; fileRef = 773AFEA127597ABA007BC61F /* RemoteImageAgentProtocol.swift */; };
		773AFEA427597D66007BC61F /* RemoteImageAgent.swift in Sources */ = {isa = PBXBuildFile; fileRef = 773AFEA327597D66007BC61F /* RemoteImageAgent.swift */; };
		773AFEA627597EA1007BC61F /* URLSession+Extensions.swift in Sources */ = {isa = PBXBuildFile; fileRef = 773AFEA527597EA1007BC61F /* URLSession+Extensions.swift */; };
		773AFEA8275981FD007BC61F /* MoviesFeedViewModel.swift in Sources */ = {isa = PBXBuildFile; fileRef = 773AFEA7275981FD007BC61F /* MoviesFeedViewModel.swift */; };
		773AFEAA27598265007BC61F /* MoviesFeedItemViewModel.swift in Sources */ = {isa = PBXBuildFile; fileRef = 773AFEA927598265007BC61F /* MoviesFeedItemViewModel.swift */; };
		773AFEAC27598A3F007BC61F /* MoviesFeedViewController.swift in Sources */ = {isa = PBXBuildFile; fileRef = 773AFEAB27598A3F007BC61F /* MoviesFeedViewController.swift */; };
		773AFEAE27598B2A007BC61F /* MoviesFeedItemCell.swift in Sources */ = {isa = PBXBuildFile; fileRef = 773AFEAD27598B2A007BC61F /* MoviesFeedItemCell.swift */; };
		773AFEB0275996EE007BC61F /* ServerAgent.swift in Sources */ = {isa = PBXBuildFile; fileRef = 773AFEAF275996EE007BC61F /* ServerAgent.swift */; };
		774847BE2763EDCE00E4ECB9 /* Cachable.swift in Sources */ = {isa = PBXBuildFile; fileRef = 774847BD2763EDCE00E4ECB9 /* Cachable.swift */; };
		774847C02763EDFD00E4ECB9 /* LocalAgentProtocol.swift in Sources */ = {isa = PBXBuildFile; fileRef = 774847BF2763EDFD00E4ECB9 /* LocalAgentProtocol.swift */; };
		774847C22763EEF800E4ECB9 /* LocalAgent.swift in Sources */ = {isa = PBXBuildFile; fileRef = 774847C12763EEF800E4ECB9 /* LocalAgent.swift */; };
		774847C42763FE8E00E4ECB9 /* LocalAgentMock.swift in Sources */ = {isa = PBXBuildFile; fileRef = 774847C32763FE8E00E4ECB9 /* LocalAgentMock.swift */; };
		774847C62763FF8100E4ECB9 /* FileManager+Extensions.swift in Sources */ = {isa = PBXBuildFile; fileRef = 774847C52763FF8100E4ECB9 /* FileManager+Extensions.swift */; };
		774847C82764024800E4ECB9 /* JSONEncoder+Extensions.swift in Sources */ = {isa = PBXBuildFile; fileRef = 774847C72764024800E4ECB9 /* JSONEncoder+Extensions.swift */; };
		774847CA2764025D00E4ECB9 /* DateFormater+Extensions.swift in Sources */ = {isa = PBXBuildFile; fileRef = 774847C92764025D00E4ECB9 /* DateFormater+Extensions.swift */; };
		77B0F6F2277771C900B06AD1 /* LaunchContext.swift in Sources */ = {isa = PBXBuildFile; fileRef = 77B0F6F1277771C900B06AD1 /* LaunchContext.swift */; };
/* End PBXBuildFile section */

/* Begin PBXContainerItemProxy section */
		773AFE6227595FE9007BC61F /* PBXContainerItemProxy */ = {
			isa = PBXContainerItemProxy;
			containerPortal = 773AFE4327595FE7007BC61F /* Project object */;
			proxyType = 1;
			remoteGlobalIDString = 773AFE4A27595FE7007BC61F;
			remoteInfo = TheMoviesDB;
		};
		773AFE6C27595FE9007BC61F /* PBXContainerItemProxy */ = {
			isa = PBXContainerItemProxy;
			containerPortal = 773AFE4327595FE7007BC61F /* Project object */;
			proxyType = 1;
			remoteGlobalIDString = 773AFE4A27595FE7007BC61F;
			remoteInfo = TheMoviesDB;
		};
/* End PBXContainerItemProxy section */

/* Begin PBXFileReference section */
		772D80A527779D0A0035B794 /* RemoteImageAgentMock.swift */ = {isa = PBXFileReference; lastKnownFileType = sourcecode.swift; path = RemoteImageAgentMock.swift; sourceTree = "<group>"; };
		773AFE4B27595FE7007BC61F /* TheMoviesDB.app */ = {isa = PBXFileReference; explicitFileType = wrapper.application; includeInIndex = 0; path = TheMoviesDB.app; sourceTree = BUILT_PRODUCTS_DIR; };
		773AFE4E27595FE7007BC61F /* AppDelegate.swift */ = {isa = PBXFileReference; lastKnownFileType = sourcecode.swift; path = AppDelegate.swift; sourceTree = "<group>"; };
		773AFE5027595FE7007BC61F /* SceneDelegate.swift */ = {isa = PBXFileReference; lastKnownFileType = sourcecode.swift; path = SceneDelegate.swift; sourceTree = "<group>"; };
		773AFE5527595FE7007BC61F /* Base */ = {isa = PBXFileReference; lastKnownFileType = file.storyboard; name = Base; path = Base.lproj/Main.storyboard; sourceTree = "<group>"; };
		773AFE5727595FE9007BC61F /* Assets.xcassets */ = {isa = PBXFileReference; lastKnownFileType = folder.assetcatalog; path = Assets.xcassets; sourceTree = "<group>"; };
		773AFE5A27595FE9007BC61F /* Base */ = {isa = PBXFileReference; lastKnownFileType = file.storyboard; name = Base; path = Base.lproj/LaunchScreen.storyboard; sourceTree = "<group>"; };
		773AFE5C27595FE9007BC61F /* Info.plist */ = {isa = PBXFileReference; lastKnownFileType = text.plist.xml; path = Info.plist; sourceTree = "<group>"; };
		773AFE6127595FE9007BC61F /* TheMoviesDBTests.xctest */ = {isa = PBXFileReference; explicitFileType = wrapper.cfbundle; includeInIndex = 0; path = TheMoviesDBTests.xctest; sourceTree = BUILT_PRODUCTS_DIR; };
		773AFE6B27595FE9007BC61F /* TheMoviesDBUITests.xctest */ = {isa = PBXFileReference; explicitFileType = wrapper.cfbundle; includeInIndex = 0; path = TheMoviesDBUITests.xctest; sourceTree = BUILT_PRODUCTS_DIR; };
		773AFE6F27595FE9007BC61F /* TheMoviesDBUITests.swift */ = {isa = PBXFileReference; lastKnownFileType = sourcecode.swift; path = TheMoviesDBUITests.swift; sourceTree = "<group>"; };
		773AFE7127595FE9007BC61F /* TheMoviesDBUITestsLaunchTests.swift */ = {isa = PBXFileReference; lastKnownFileType = sourcecode.swift; path = TheMoviesDBUITestsLaunchTests.swift; sourceTree = "<group>"; };
		773AFE832759676E007BC61F /* Movie.swift */ = {isa = PBXFileReference; lastKnownFileType = sourcecode.swift; path = Movie.swift; sourceTree = "<group>"; };
		773AFE87275969FA007BC61F /* ModelsDecodingTests.swift */ = {isa = PBXFileReference; lastKnownFileType = sourcecode.swift; path = ModelsDecodingTests.swift; sourceTree = "<group>"; };
		773AFE8A27596A8E007BC61F /* Movie.json */ = {isa = PBXFileReference; lastKnownFileType = text.json; path = Movie.json; sourceTree = "<group>"; };
		773AFE8D27596BDA007BC61F /* JSONDecoder+Extensions.swift */ = {isa = PBXFileReference; lastKnownFileType = sourcecode.swift; path = "JSONDecoder+Extensions.swift"; sourceTree = "<group>"; };
		773AFE9127596DBB007BC61F /* ServerAgentProtocol.swift */ = {isa = PBXFileReference; lastKnownFileType = sourcecode.swift; path = ServerAgentProtocol.swift; sourceTree = "<group>"; };
		773AFE9427596FAF007BC61F /* ServerCommands.swift */ = {isa = PBXFileReference; lastKnownFileType = sourcecode.swift; path = ServerCommands.swift; sourceTree = "<group>"; };
		773AFE962759724C007BC61F /* DiscoverResponse.json */ = {isa = PBXFileReference; lastKnownFileType = text.json; path = DiscoverResponse.json; sourceTree = "<group>"; };
		773AFE9927597341007BC61F /* ServerAgentMock.swift */ = {isa = PBXFileReference; lastKnownFileType = sourcecode.swift; path = ServerAgentMock.swift; sourceTree = "<group>"; };
		773AFE9B27597445007BC61F /* DiscoverResponseMock.json */ = {isa = PBXFileReference; lastKnownFileType = text.json; path = DiscoverResponseMock.json; sourceTree = "<group>"; };
		773AFE9D2759756D007BC61F /* Model.swift */ = {isa = PBXFileReference; lastKnownFileType = sourcecode.swift; path = Model.swift; sourceTree = "<group>"; };
		773AFE9F275975F6007BC61F /* Action.swift */ = {isa = PBXFileReference; lastKnownFileType = sourcecode.swift; path = Action.swift; sourceTree = "<group>"; };
		773AFEA127597ABA007BC61F /* RemoteImageAgentProtocol.swift */ = {isa = PBXFileReference; lastKnownFileType = sourcecode.swift; path = RemoteImageAgentProtocol.swift; sourceTree = "<group>"; };
		773AFEA327597D66007BC61F /* RemoteImageAgent.swift */ = {isa = PBXFileReference; lastKnownFileType = sourcecode.swift; path = RemoteImageAgent.swift; sourceTree = "<group>"; };
		773AFEA527597EA1007BC61F /* URLSession+Extensions.swift */ = {isa = PBXFileReference; lastKnownFileType = sourcecode.swift; path = "URLSession+Extensions.swift"; sourceTree = "<group>"; };
		773AFEA7275981FD007BC61F /* MoviesFeedViewModel.swift */ = {isa = PBXFileReference; lastKnownFileType = sourcecode.swift; path = MoviesFeedViewModel.swift; sourceTree = "<group>"; };
		773AFEA927598265007BC61F /* MoviesFeedItemViewModel.swift */ = {isa = PBXFileReference; lastKnownFileType = sourcecode.swift; path = MoviesFeedItemViewModel.swift; sourceTree = "<group>"; };
		773AFEAB27598A3F007BC61F /* MoviesFeedViewController.swift */ = {isa = PBXFileReference; lastKnownFileType = sourcecode.swift; path = MoviesFeedViewController.swift; sourceTree = "<group>"; };
		773AFEAD27598B2A007BC61F /* MoviesFeedItemCell.swift */ = {isa = PBXFileReference; lastKnownFileType = sourcecode.swift; path = MoviesFeedItemCell.swift; sourceTree = "<group>"; };
		773AFEAF275996EE007BC61F /* ServerAgent.swift */ = {isa = PBXFileReference; lastKnownFileType = sourcecode.swift; path = ServerAgent.swift; sourceTree = "<group>"; };
		774847BD2763EDCE00E4ECB9 /* Cachable.swift */ = {isa = PBXFileReference; lastKnownFileType = sourcecode.swift; path = Cachable.swift; sourceTree = "<group>"; };
		774847BF2763EDFD00E4ECB9 /* LocalAgentProtocol.swift */ = {isa = PBXFileReference; lastKnownFileType = sourcecode.swift; path = LocalAgentProtocol.swift; sourceTree = "<group>"; };
		774847C12763EEF800E4ECB9 /* LocalAgent.swift */ = {isa = PBXFileReference; lastKnownFileType = sourcecode.swift; path = LocalAgent.swift; sourceTree = "<group>"; };
		774847C32763FE8E00E4ECB9 /* LocalAgentMock.swift */ = {isa = PBXFileReference; lastKnownFileType = sourcecode.swift; path = LocalAgentMock.swift; sourceTree = "<group>"; };
		774847C52763FF8100E4ECB9 /* FileManager+Extensions.swift */ = {isa = PBXFileReference; lastKnownFileType = sourcecode.swift; path = "FileManager+Extensions.swift"; sourceTree = "<group>"; };
		774847C72764024800E4ECB9 /* JSONEncoder+Extensions.swift */ = {isa = PBXFileReference; lastKnownFileType = sourcecode.swift; path = "JSONEncoder+Extensions.swift"; sourceTree = "<group>"; };
		774847C92764025D00E4ECB9 /* DateFormater+Extensions.swift */ = {isa = PBXFileReference; lastKnownFileType = sourcecode.swift; path = "DateFormater+Extensions.swift"; sourceTree = "<group>"; };
		77B0F6F1277771C900B06AD1 /* LaunchContext.swift */ = {isa = PBXFileReference; lastKnownFileType = sourcecode.swift; path = LaunchContext.swift; sourceTree = "<group>"; };
/* End PBXFileReference section */

/* Begin PBXFrameworksBuildPhase section */
		773AFE4827595FE7007BC61F /* Frameworks */ = {
			isa = PBXFrameworksBuildPhase;
			buildActionMask = 2147483647;
			files = (
			);
			runOnlyForDeploymentPostprocessing = 0;
		};
		773AFE5E27595FE9007BC61F /* Frameworks */ = {
			isa = PBXFrameworksBuildPhase;
			buildActionMask = 2147483647;
			files = (
			);
			runOnlyForDeploymentPostprocessing = 0;
		};
		773AFE6827595FE9007BC61F /* Frameworks */ = {
			isa = PBXFrameworksBuildPhase;
			buildActionMask = 2147483647;
			files = (
			);
			runOnlyForDeploymentPostprocessing = 0;
		};
/* End PBXFrameworksBuildPhase section */

/* Begin PBXGroup section */
		773AFE4227595FE7007BC61F = {
			isa = PBXGroup;
			children = (
				773AFE4D27595FE7007BC61F /* TheMoviesDB */,
				773AFE6427595FE9007BC61F /* TheMoviesDBTests */,
				773AFE6E27595FE9007BC61F /* TheMoviesDBUITests */,
				773AFE4C27595FE7007BC61F /* Products */,
			);
			sourceTree = "<group>";
		};
		773AFE4C27595FE7007BC61F /* Products */ = {
			isa = PBXGroup;
			children = (
				773AFE4B27595FE7007BC61F /* TheMoviesDB.app */,
				773AFE6127595FE9007BC61F /* TheMoviesDBTests.xctest */,
				773AFE6B27595FE9007BC61F /* TheMoviesDBUITests.xctest */,
			);
			name = Products;
			sourceTree = "<group>";
		};
		773AFE4D27595FE7007BC61F /* TheMoviesDB */ = {
			isa = PBXGroup;
			children = (
				773AFE4E27595FE7007BC61F /* AppDelegate.swift */,
				773AFE5027595FE7007BC61F /* SceneDelegate.swift */,
				773AFE7E27596016007BC61F /* Domain */,
				773AFE8027596026007BC61F /* Model */,
				773AFE8F27596D81007BC61F /* Services */,
				773AFE812759603E007BC61F /* ViewModel */,
				773AFE822759605C007BC61F /* View */,
				773AFE8C27596BB6007BC61F /* Extensions */,
				773AFE9827597328007BC61F /* Mocks */,
				773AFE5727595FE9007BC61F /* Assets.xcassets */,
				773AFE5927595FE9007BC61F /* LaunchScreen.storyboard */,
				773AFE5C27595FE9007BC61F /* Info.plist */,
			);
			path = TheMoviesDB;
			sourceTree = "<group>";
		};
		773AFE6427595FE9007BC61F /* TheMoviesDBTests */ = {
			isa = PBXGroup;
			children = (
				773AFE87275969FA007BC61F /* ModelsDecodingTests.swift */,
				773AFE8927596A66007BC61F /* Resources */,
			);
			path = TheMoviesDBTests;
			sourceTree = "<group>";
		};
		773AFE6E27595FE9007BC61F /* TheMoviesDBUITests */ = {
			isa = PBXGroup;
			children = (
				773AFE6F27595FE9007BC61F /* TheMoviesDBUITests.swift */,
				773AFE7127595FE9007BC61F /* TheMoviesDBUITestsLaunchTests.swift */,
			);
			path = TheMoviesDBUITests;
			sourceTree = "<group>";
		};
		773AFE7E27596016007BC61F /* Domain */ = {
			isa = PBXGroup;
			children = (
				773AFE832759676E007BC61F /* Movie.swift */,
				773AFE9F275975F6007BC61F /* Action.swift */,
				774847BD2763EDCE00E4ECB9 /* Cachable.swift */,
				77B0F6F1277771C900B06AD1 /* LaunchContext.swift */,
			);
			path = Domain;
			sourceTree = "<group>";
		};
		773AFE8027596026007BC61F /* Model */ = {
			isa = PBXGroup;
			children = (
				773AFE9D2759756D007BC61F /* Model.swift */,
			);
			path = Model;
			sourceTree = "<group>";
		};
		773AFE812759603E007BC61F /* ViewModel */ = {
			isa = PBXGroup;
			children = (
				773AFEA7275981FD007BC61F /* MoviesFeedViewModel.swift */,
				773AFEA927598265007BC61F /* MoviesFeedItemViewModel.swift */,
			);
			path = ViewModel;
			sourceTree = "<group>";
		};
		773AFE822759605C007BC61F /* View */ = {
			isa = PBXGroup;
			children = (
				773AFE5427595FE7007BC61F /* Main.storyboard */,
				773AFEAB27598A3F007BC61F /* MoviesFeedViewController.swift */,
				773AFEAD27598B2A007BC61F /* MoviesFeedItemCell.swift */,
			);
			path = View;
			sourceTree = "<group>";
		};
		773AFE8927596A66007BC61F /* Resources */ = {
			isa = PBXGroup;
			children = (
				773AFE8A27596A8E007BC61F /* Movie.json */,
				773AFE962759724C007BC61F /* DiscoverResponse.json */,
			);
			path = Resources;
			sourceTree = "<group>";
		};
		773AFE8C27596BB6007BC61F /* Extensions */ = {
			isa = PBXGroup;
			children = (
				773AFE8D27596BDA007BC61F /* JSONDecoder+Extensions.swift */,
				774847C72764024800E4ECB9 /* JSONEncoder+Extensions.swift */,
				774847C92764025D00E4ECB9 /* DateFormater+Extensions.swift */,
				773AFEA527597EA1007BC61F /* URLSession+Extensions.swift */,
				774847C52763FF8100E4ECB9 /* FileManager+Extensions.swift */,
			);
			path = Extensions;
			sourceTree = "<group>";
		};
		773AFE8F27596D81007BC61F /* Services */ = {
			isa = PBXGroup;
			children = (
				773AFEAF275996EE007BC61F /* ServerAgent.swift */,
				773AFEA327597D66007BC61F /* RemoteImageAgent.swift */,
				774847C12763EEF800E4ECB9 /* LocalAgent.swift */,
				773AFE9027596D97007BC61F /* Abstract */,
				773AFE9327596F86007BC61F /* Server */,
			);
			path = Services;
			sourceTree = "<group>";
		};
		773AFE9027596D97007BC61F /* Abstract */ = {
			isa = PBXGroup;
			children = (
				773AFE9127596DBB007BC61F /* ServerAgentProtocol.swift */,
				773AFEA127597ABA007BC61F /* RemoteImageAgentProtocol.swift */,
				774847BF2763EDFD00E4ECB9 /* LocalAgentProtocol.swift */,
			);
			path = Abstract;
			sourceTree = "<group>";
		};
		773AFE9327596F86007BC61F /* Server */ = {
			isa = PBXGroup;
			children = (
				773AFE9427596FAF007BC61F /* ServerCommands.swift */,
			);
			path = Server;
			sourceTree = "<group>";
		};
		773AFE9827597328007BC61F /* Mocks */ = {
			isa = PBXGroup;
			children = (
				773AFE9927597341007BC61F /* ServerAgentMock.swift */,
				774847C32763FE8E00E4ECB9 /* LocalAgentMock.swift */,
				772D80A527779D0A0035B794 /* RemoteImageAgentMock.swift */,
				773AFE9B27597445007BC61F /* DiscoverResponseMock.json */,
			);
			path = Mocks;
			sourceTree = "<group>";
		};
/* End PBXGroup section */

/* Begin PBXNativeTarget section */
		773AFE4A27595FE7007BC61F /* TheMoviesDB */ = {
			isa = PBXNativeTarget;
			buildConfigurationList = 773AFE7527595FE9007BC61F /* Build configuration list for PBXNativeTarget "TheMoviesDB" */;
			buildPhases = (
				773AFE4727595FE7007BC61F /* Sources */,
				773AFE4827595FE7007BC61F /* Frameworks */,
				773AFE4927595FE7007BC61F /* Resources */,
			);
			buildRules = (
			);
			dependencies = (
			);
			name = TheMoviesDB;
			productName = TheMoviesDB;
			productReference = 773AFE4B27595FE7007BC61F /* TheMoviesDB.app */;
			productType = "com.apple.product-type.application";
		};
		773AFE6027595FE9007BC61F /* TheMoviesDBTests */ = {
			isa = PBXNativeTarget;
			buildConfigurationList = 773AFE7827595FE9007BC61F /* Build configuration list for PBXNativeTarget "TheMoviesDBTests" */;
			buildPhases = (
				773AFE5D27595FE9007BC61F /* Sources */,
				773AFE5E27595FE9007BC61F /* Frameworks */,
				773AFE5F27595FE9007BC61F /* Resources */,
			);
			buildRules = (
			);
			dependencies = (
				773AFE6327595FE9007BC61F /* PBXTargetDependency */,
			);
			name = TheMoviesDBTests;
			productName = TheMoviesDBTests;
			productReference = 773AFE6127595FE9007BC61F /* TheMoviesDBTests.xctest */;
			productType = "com.apple.product-type.bundle.unit-test";
		};
		773AFE6A27595FE9007BC61F /* TheMoviesDBUITests */ = {
			isa = PBXNativeTarget;
			buildConfigurationList = 773AFE7B27595FE9007BC61F /* Build configuration list for PBXNativeTarget "TheMoviesDBUITests" */;
			buildPhases = (
				773AFE6727595FE9007BC61F /* Sources */,
				773AFE6827595FE9007BC61F /* Frameworks */,
				773AFE6927595FE9007BC61F /* Resources */,
			);
			buildRules = (
			);
			dependencies = (
				773AFE6D27595FE9007BC61F /* PBXTargetDependency */,
			);
			name = TheMoviesDBUITests;
			productName = TheMoviesDBUITests;
			productReference = 773AFE6B27595FE9007BC61F /* TheMoviesDBUITests.xctest */;
			productType = "com.apple.product-type.bundle.ui-testing";
		};
/* End PBXNativeTarget section */

/* Begin PBXProject section */
		773AFE4327595FE7007BC61F /* Project object */ = {
			isa = PBXProject;
			attributes = {
				BuildIndependentTargetsInParallel = 1;
				LastSwiftUpdateCheck = 1300;
				LastUpgradeCheck = 1300;
				TargetAttributes = {
					773AFE4A27595FE7007BC61F = {
						CreatedOnToolsVersion = 13.0;
					};
					773AFE6027595FE9007BC61F = {
						CreatedOnToolsVersion = 13.0;
						TestTargetID = 773AFE4A27595FE7007BC61F;
					};
					773AFE6A27595FE9007BC61F = {
						CreatedOnToolsVersion = 13.0;
						TestTargetID = 773AFE4A27595FE7007BC61F;
					};
				};
			};
			buildConfigurationList = 773AFE4627595FE7007BC61F /* Build configuration list for PBXProject "TheMoviesDB" */;
			compatibilityVersion = "Xcode 13.0";
			developmentRegion = en;
			hasScannedForEncodings = 0;
			knownRegions = (
				en,
				Base,
			);
			mainGroup = 773AFE4227595FE7007BC61F;
			productRefGroup = 773AFE4C27595FE7007BC61F /* Products */;
			projectDirPath = "";
			projectRoot = "";
			targets = (
				773AFE4A27595FE7007BC61F /* TheMoviesDB */,
				773AFE6027595FE9007BC61F /* TheMoviesDBTests */,
				773AFE6A27595FE9007BC61F /* TheMoviesDBUITests */,
			);
		};
/* End PBXProject section */

/* Begin PBXResourcesBuildPhase section */
		773AFE4927595FE7007BC61F /* Resources */ = {
			isa = PBXResourcesBuildPhase;
			buildActionMask = 2147483647;
			files = (
				773AFE5B27595FE9007BC61F /* LaunchScreen.storyboard in Resources */,
				773AFE9C27597445007BC61F /* DiscoverResponseMock.json in Resources */,
				773AFE5827595FE9007BC61F /* Assets.xcassets in Resources */,
				773AFE5627595FE7007BC61F /* Main.storyboard in Resources */,
			);
			runOnlyForDeploymentPostprocessing = 0;
		};
		773AFE5F27595FE9007BC61F /* Resources */ = {
			isa = PBXResourcesBuildPhase;
			buildActionMask = 2147483647;
			files = (
				773AFE8B27596A8E007BC61F /* Movie.json in Resources */,
				773AFE972759724C007BC61F /* DiscoverResponse.json in Resources */,
			);
			runOnlyForDeploymentPostprocessing = 0;
		};
		773AFE6927595FE9007BC61F /* Resources */ = {
			isa = PBXResourcesBuildPhase;
			buildActionMask = 2147483647;
			files = (
			);
			runOnlyForDeploymentPostprocessing = 0;
		};
/* End PBXResourcesBuildPhase section */

/* Begin PBXSourcesBuildPhase section */
		773AFE4727595FE7007BC61F /* Sources */ = {
			isa = PBXSourcesBuildPhase;
			buildActionMask = 2147483647;
			files = (
				773AFEB0275996EE007BC61F /* ServerAgent.swift in Sources */,
				773AFE9E2759756D007BC61F /* Model.swift in Sources */,
				773AFEA8275981FD007BC61F /* MoviesFeedViewModel.swift in Sources */,
				774847C62763FF8100E4ECB9 /* FileManager+Extensions.swift in Sources */,
				774847C42763FE8E00E4ECB9 /* LocalAgentMock.swift in Sources */,
				774847CA2764025D00E4ECB9 /* DateFormater+Extensions.swift in Sources */,
				77B0F6F2277771C900B06AD1 /* LaunchContext.swift in Sources */,
				773AFE9A27597341007BC61F /* ServerAgentMock.swift in Sources */,
				774847C82764024800E4ECB9 /* JSONEncoder+Extensions.swift in Sources */,
				773AFEA0275975F6007BC61F /* Action.swift in Sources */,
				773AFEAC27598A3F007BC61F /* MoviesFeedViewController.swift in Sources */,
				774847BE2763EDCE00E4ECB9 /* Cachable.swift in Sources */,
				773AFE9527596FAF007BC61F /* ServerCommands.swift in Sources */,
				773AFE9227596DBB007BC61F /* ServerAgentProtocol.swift in Sources */,
				773AFEA627597EA1007BC61F /* URLSession+Extensions.swift in Sources */,
				772D80A627779D0A0035B794 /* RemoteImageAgentMock.swift in Sources */,
				773AFE8E27596BDA007BC61F /* JSONDecoder+Extensions.swift in Sources */,
				774847C02763EDFD00E4ECB9 /* LocalAgentProtocol.swift in Sources */,
				773AFEAE27598B2A007BC61F /* MoviesFeedItemCell.swift in Sources */,
				773AFEA427597D66007BC61F /* RemoteImageAgent.swift in Sources */,
				773AFE842759676E007BC61F /* Movie.swift in Sources */,
				774847C22763EEF800E4ECB9 /* LocalAgent.swift in Sources */,
				773AFE4F27595FE7007BC61F /* AppDelegate.swift in Sources */,
				773AFEAA27598265007BC61F /* MoviesFeedItemViewModel.swift in Sources */,
				773AFEA227597ABA007BC61F /* RemoteImageAgentProtocol.swift in Sources */,
				773AFE5127595FE7007BC61F /* SceneDelegate.swift in Sources */,
			);
			runOnlyForDeploymentPostprocessing = 0;
		};
		773AFE5D27595FE9007BC61F /* Sources */ = {
			isa = PBXSourcesBuildPhase;
			buildActionMask = 2147483647;
			files = (
				773AFE88275969FA007BC61F /* ModelsDecodingTests.swift in Sources */,
			);
			runOnlyForDeploymentPostprocessing = 0;
		};
		773AFE6727595FE9007BC61F /* Sources */ = {
			isa = PBXSourcesBuildPhase;
			buildActionMask = 2147483647;
			files = (
				773AFE7027595FE9007BC61F /* TheMoviesDBUITests.swift in Sources */,
				773AFE7227595FE9007BC61F /* TheMoviesDBUITestsLaunchTests.swift in Sources */,
			);
			runOnlyForDeploymentPostprocessing = 0;
		};
/* End PBXSourcesBuildPhase section */

/* Begin PBXTargetDependency section */
		773AFE6327595FE9007BC61F /* PBXTargetDependency */ = {
			isa = PBXTargetDependency;
			target = 773AFE4A27595FE7007BC61F /* TheMoviesDB */;
			targetProxy = 773AFE6227595FE9007BC61F /* PBXContainerItemProxy */;
		};
		773AFE6D27595FE9007BC61F /* PBXTargetDependency */ = {
			isa = PBXTargetDependency;
			target = 773AFE4A27595FE7007BC61F /* TheMoviesDB */;
			targetProxy = 773AFE6C27595FE9007BC61F /* PBXContainerItemProxy */;
		};
/* End PBXTargetDependency section */

/* Begin PBXVariantGroup section */
		773AFE5427595FE7007BC61F /* Main.storyboard */ = {
			isa = PBXVariantGroup;
			children = (
				773AFE5527595FE7007BC61F /* Base */,
			);
			name = Main.storyboard;
			sourceTree = "<group>";
		};
		773AFE5927595FE9007BC61F /* LaunchScreen.storyboard */ = {
			isa = PBXVariantGroup;
			children = (
				773AFE5A27595FE9007BC61F /* Base */,
			);
			name = LaunchScreen.storyboard;
			sourceTree = "<group>";
		};
/* End PBXVariantGroup section */

/* Begin XCBuildConfiguration section */
		773AFE7327595FE9007BC61F /* Debug */ = {
			isa = XCBuildConfiguration;
			buildSettings = {
				ALWAYS_SEARCH_USER_PATHS = NO;
				CLANG_ANALYZER_NONNULL = YES;
				CLANG_ANALYZER_NUMBER_OBJECT_CONVERSION = YES_AGGRESSIVE;
				CLANG_CXX_LANGUAGE_STANDARD = "gnu++17";
				CLANG_CXX_LIBRARY = "libc++";
				CLANG_ENABLE_MODULES = YES;
				CLANG_ENABLE_OBJC_ARC = YES;
				CLANG_ENABLE_OBJC_WEAK = YES;
				CLANG_WARN_BLOCK_CAPTURE_AUTORELEASING = YES;
				CLANG_WARN_BOOL_CONVERSION = YES;
				CLANG_WARN_COMMA = YES;
				CLANG_WARN_CONSTANT_CONVERSION = YES;
				CLANG_WARN_DEPRECATED_OBJC_IMPLEMENTATIONS = YES;
				CLANG_WARN_DIRECT_OBJC_ISA_USAGE = YES_ERROR;
				CLANG_WARN_DOCUMENTATION_COMMENTS = YES;
				CLANG_WARN_EMPTY_BODY = YES;
				CLANG_WARN_ENUM_CONVERSION = YES;
				CLANG_WARN_INFINITE_RECURSION = YES;
				CLANG_WARN_INT_CONVERSION = YES;
				CLANG_WARN_NON_LITERAL_NULL_CONVERSION = YES;
				CLANG_WARN_OBJC_IMPLICIT_RETAIN_SELF = YES;
				CLANG_WARN_OBJC_LITERAL_CONVERSION = YES;
				CLANG_WARN_OBJC_ROOT_CLASS = YES_ERROR;
				CLANG_WARN_QUOTED_INCLUDE_IN_FRAMEWORK_HEADER = YES;
				CLANG_WARN_RANGE_LOOP_ANALYSIS = YES;
				CLANG_WARN_STRICT_PROTOTYPES = YES;
				CLANG_WARN_SUSPICIOUS_MOVE = YES;
				CLANG_WARN_UNGUARDED_AVAILABILITY = YES_AGGRESSIVE;
				CLANG_WARN_UNREACHABLE_CODE = YES;
				CLANG_WARN__DUPLICATE_METHOD_MATCH = YES;
				COPY_PHASE_STRIP = NO;
				DEBUG_INFORMATION_FORMAT = dwarf;
				ENABLE_STRICT_OBJC_MSGSEND = YES;
				ENABLE_TESTABILITY = YES;
				GCC_C_LANGUAGE_STANDARD = gnu11;
				GCC_DYNAMIC_NO_PIC = NO;
				GCC_NO_COMMON_BLOCKS = YES;
				GCC_OPTIMIZATION_LEVEL = 0;
				GCC_PREPROCESSOR_DEFINITIONS = (
					"DEBUG=1",
					"$(inherited)",
				);
				GCC_WARN_64_TO_32_BIT_CONVERSION = YES;
				GCC_WARN_ABOUT_RETURN_TYPE = YES_ERROR;
				GCC_WARN_UNDECLARED_SELECTOR = YES;
				GCC_WARN_UNINITIALIZED_AUTOS = YES_AGGRESSIVE;
				GCC_WARN_UNUSED_FUNCTION = YES;
				GCC_WARN_UNUSED_VARIABLE = YES;
				IPHONEOS_DEPLOYMENT_TARGET = 15.0;
				MTL_ENABLE_DEBUG_INFO = INCLUDE_SOURCE;
				MTL_FAST_MATH = YES;
				ONLY_ACTIVE_ARCH = YES;
				SDKROOT = iphoneos;
				SWIFT_ACTIVE_COMPILATION_CONDITIONS = DEBUG;
				SWIFT_OPTIMIZATION_LEVEL = "-Onone";
			};
			name = Debug;
		};
		773AFE7427595FE9007BC61F /* Release */ = {
			isa = XCBuildConfiguration;
			buildSettings = {
				ALWAYS_SEARCH_USER_PATHS = NO;
				CLANG_ANALYZER_NONNULL = YES;
				CLANG_ANALYZER_NUMBER_OBJECT_CONVERSION = YES_AGGRESSIVE;
				CLANG_CXX_LANGUAGE_STANDARD = "gnu++17";
				CLANG_CXX_LIBRARY = "libc++";
				CLANG_ENABLE_MODULES = YES;
				CLANG_ENABLE_OBJC_ARC = YES;
				CLANG_ENABLE_OBJC_WEAK = YES;
				CLANG_WARN_BLOCK_CAPTURE_AUTORELEASING = YES;
				CLANG_WARN_BOOL_CONVERSION = YES;
				CLANG_WARN_COMMA = YES;
				CLANG_WARN_CONSTANT_CONVERSION = YES;
				CLANG_WARN_DEPRECATED_OBJC_IMPLEMENTATIONS = YES;
				CLANG_WARN_DIRECT_OBJC_ISA_USAGE = YES_ERROR;
				CLANG_WARN_DOCUMENTATION_COMMENTS = YES;
				CLANG_WARN_EMPTY_BODY = YES;
				CLANG_WARN_ENUM_CONVERSION = YES;
				CLANG_WARN_INFINITE_RECURSION = YES;
				CLANG_WARN_INT_CONVERSION = YES;
				CLANG_WARN_NON_LITERAL_NULL_CONVERSION = YES;
				CLANG_WARN_OBJC_IMPLICIT_RETAIN_SELF = YES;
				CLANG_WARN_OBJC_LITERAL_CONVERSION = YES;
				CLANG_WARN_OBJC_ROOT_CLASS = YES_ERROR;
				CLANG_WARN_QUOTED_INCLUDE_IN_FRAMEWORK_HEADER = YES;
				CLANG_WARN_RANGE_LOOP_ANALYSIS = YES;
				CLANG_WARN_STRICT_PROTOTYPES = YES;
				CLANG_WARN_SUSPICIOUS_MOVE = YES;
				CLANG_WARN_UNGUARDED_AVAILABILITY = YES_AGGRESSIVE;
				CLANG_WARN_UNREACHABLE_CODE = YES;
				CLANG_WARN__DUPLICATE_METHOD_MATCH = YES;
				COPY_PHASE_STRIP = NO;
				DEBUG_INFORMATION_FORMAT = "dwarf-with-dsym";
				ENABLE_NS_ASSERTIONS = NO;
				ENABLE_STRICT_OBJC_MSGSEND = YES;
				GCC_C_LANGUAGE_STANDARD = gnu11;
				GCC_NO_COMMON_BLOCKS = YES;
				GCC_WARN_64_TO_32_BIT_CONVERSION = YES;
				GCC_WARN_ABOUT_RETURN_TYPE = YES_ERROR;
				GCC_WARN_UNDECLARED_SELECTOR = YES;
				GCC_WARN_UNINITIALIZED_AUTOS = YES_AGGRESSIVE;
				GCC_WARN_UNUSED_FUNCTION = YES;
				GCC_WARN_UNUSED_VARIABLE = YES;
				IPHONEOS_DEPLOYMENT_TARGET = 15.0;
				MTL_ENABLE_DEBUG_INFO = NO;
				MTL_FAST_MATH = YES;
				SDKROOT = iphoneos;
				SWIFT_COMPILATION_MODE = wholemodule;
				SWIFT_OPTIMIZATION_LEVEL = "-O";
				VALIDATE_PRODUCT = YES;
			};
			name = Release;
		};
		773AFE7627595FE9007BC61F /* Debug */ = {
			isa = XCBuildConfiguration;
			buildSettings = {
				ASSETCATALOG_COMPILER_APPICON_NAME = AppIcon;
				ASSETCATALOG_COMPILER_GLOBAL_ACCENT_COLOR_NAME = AccentColor;
				CODE_SIGN_STYLE = Automatic;
				CURRENT_PROJECT_VERSION = 1;
				DEVELOPMENT_TEAM = 29E66XW7ZX;
				GENERATE_INFOPLIST_FILE = YES;
				INFOPLIST_FILE = TheMoviesDB/Info.plist;
				INFOPLIST_KEY_UIApplicationSupportsIndirectInputEvents = YES;
				INFOPLIST_KEY_UILaunchStoryboardName = LaunchScreen;
				INFOPLIST_KEY_UIMainStoryboardFile = Main;
				INFOPLIST_KEY_UISupportedInterfaceOrientations = UIInterfaceOrientationPortrait;
				INFOPLIST_KEY_UISupportedInterfaceOrientations_iPad = "UIInterfaceOrientationPortrait UIInterfaceOrientationPortraitUpsideDown UIInterfaceOrientationLandscapeLeft UIInterfaceOrientationLandscapeRight";
				INFOPLIST_KEY_UISupportedInterfaceOrientations_iPhone = "UIInterfaceOrientationPortrait UIInterfaceOrientationLandscapeLeft UIInterfaceOrientationLandscapeRight";
				LD_RUNPATH_SEARCH_PATHS = (
					"$(inherited)",
					"@executable_path/Frameworks",
				);
				MARKETING_VERSION = 1.0;
				PRODUCT_BUNDLE_IDENTIFIER = pro.maxgribov.TheMoviesDB;
				PRODUCT_NAME = "$(TARGET_NAME)";
				SWIFT_EMIT_LOC_STRINGS = YES;
				SWIFT_VERSION = 5.0;
				TARGETED_DEVICE_FAMILY = 1;
			};
			name = Debug;
		};
		773AFE7727595FE9007BC61F /* Release */ = {
			isa = XCBuildConfiguration;
			buildSettings = {
				ASSETCATALOG_COMPILER_APPICON_NAME = AppIcon;
				ASSETCATALOG_COMPILER_GLOBAL_ACCENT_COLOR_NAME = AccentColor;
				CODE_SIGN_STYLE = Automatic;
				CURRENT_PROJECT_VERSION = 1;
				DEVELOPMENT_TEAM = 29E66XW7ZX;
				GENERATE_INFOPLIST_FILE = YES;
				INFOPLIST_FILE = TheMoviesDB/Info.plist;
				INFOPLIST_KEY_UIApplicationSupportsIndirectInputEvents = YES;
				INFOPLIST_KEY_UILaunchStoryboardName = LaunchScreen;
				INFOPLIST_KEY_UIMainStoryboardFile = Main;
				INFOPLIST_KEY_UISupportedInterfaceOrientations = UIInterfaceOrientationPortrait;
				INFOPLIST_KEY_UISupportedInterfaceOrientations_iPad = "UIInterfaceOrientationPortrait UIInterfaceOrientationPortraitUpsideDown UIInterfaceOrientationLandscapeLeft UIInterfaceOrientationLandscapeRight";
				INFOPLIST_KEY_UISupportedInterfaceOrientations_iPhone = "UIInterfaceOrientationPortrait UIInterfaceOrientationLandscapeLeft UIInterfaceOrientationLandscapeRight";
				LD_RUNPATH_SEARCH_PATHS = (
					"$(inherited)",
					"@executable_path/Frameworks",
				);
				MARKETING_VERSION = 1.0;
				PRODUCT_BUNDLE_IDENTIFIER = pro.maxgribov.TheMoviesDB;
				PRODUCT_NAME = "$(TARGET_NAME)";
				SWIFT_EMIT_LOC_STRINGS = YES;
				SWIFT_VERSION = 5.0;
				TARGETED_DEVICE_FAMILY = 1;
			};
			name = Release;
		};
		773AFE7927595FE9007BC61F /* Debug */ = {
			isa = XCBuildConfiguration;
			buildSettings = {
				ALWAYS_EMBED_SWIFT_STANDARD_LIBRARIES = YES;
				BUNDLE_LOADER = "$(TEST_HOST)";
				CODE_SIGN_STYLE = Automatic;
				CURRENT_PROJECT_VERSION = 1;
				DEVELOPMENT_TEAM = 29E66XW7ZX;
				GENERATE_INFOPLIST_FILE = YES;
				IPHONEOS_DEPLOYMENT_TARGET = 15.0;
				LD_RUNPATH_SEARCH_PATHS = (
					"$(inherited)",
					"@executable_path/Frameworks",
					"@loader_path/Frameworks",
				);
				MARKETING_VERSION = 1.0;
				PRODUCT_BUNDLE_IDENTIFIER = pro.maxgribov.TheMoviesDBTests;
				PRODUCT_NAME = "$(TARGET_NAME)";
				SWIFT_EMIT_LOC_STRINGS = NO;
				SWIFT_VERSION = 5.0;
				TARGETED_DEVICE_FAMILY = "1,2";
				TEST_HOST = "$(BUILT_PRODUCTS_DIR)/TheMoviesDB.app/TheMoviesDB";
			};
			name = Debug;
		};
		773AFE7A27595FE9007BC61F /* Release */ = {
			isa = XCBuildConfiguration;
			buildSettings = {
				ALWAYS_EMBED_SWIFT_STANDARD_LIBRARIES = YES;
				BUNDLE_LOADER = "$(TEST_HOST)";
				CODE_SIGN_STYLE = Automatic;
				CURRENT_PROJECT_VERSION = 1;
				DEVELOPMENT_TEAM = 29E66XW7ZX;
				GENERATE_INFOPLIST_FILE = YES;
				IPHONEOS_DEPLOYMENT_TARGET = 15.0;
				LD_RUNPATH_SEARCH_PATHS = (
					"$(inherited)",
					"@executable_path/Frameworks",
					"@loader_path/Frameworks",
				);
				MARKETING_VERSION = 1.0;
				PRODUCT_BUNDLE_IDENTIFIER = pro.maxgribov.TheMoviesDBTests;
				PRODUCT_NAME = "$(TARGET_NAME)";
				SWIFT_EMIT_LOC_STRINGS = NO;
				SWIFT_VERSION = 5.0;
				TARGETED_DEVICE_FAMILY = "1,2";
				TEST_HOST = "$(BUILT_PRODUCTS_DIR)/TheMoviesDB.app/TheMoviesDB";
			};
			name = Release;
		};
		773AFE7C27595FE9007BC61F /* Debug */ = {
			isa = XCBuildConfiguration;
			buildSettings = {
				ALWAYS_EMBED_SWIFT_STANDARD_LIBRARIES = YES;
				CODE_SIGN_STYLE = Automatic;
				CURRENT_PROJECT_VERSION = 1;
				DEVELOPMENT_TEAM = 29E66XW7ZX;
				GENERATE_INFOPLIST_FILE = YES;
				LD_RUNPATH_SEARCH_PATHS = (
					"$(inherited)",
					"@executable_path/Frameworks",
					"@loader_path/Frameworks",
				);
				MARKETING_VERSION = 1.0;
				PRODUCT_BUNDLE_IDENTIFIER = pro.maxgribov.TheMoviesDBUITests;
				PRODUCT_NAME = "$(TARGET_NAME)";
				SWIFT_EMIT_LOC_STRINGS = NO;
				SWIFT_VERSION = 5.0;
				TARGETED_DEVICE_FAMILY = "1,2";
				TEST_TARGET_NAME = TheMoviesDB;
			};
			name = Debug;
		};
		773AFE7D27595FE9007BC61F /* Release */ = {
			isa = XCBuildConfiguration;
			buildSettings = {
				ALWAYS_EMBED_SWIFT_STANDARD_LIBRARIES = YES;
				CODE_SIGN_STYLE = Automatic;
				CURRENT_PROJECT_VERSION = 1;
				DEVELOPMENT_TEAM = 29E66XW7ZX;
				GENERATE_INFOPLIST_FILE = YES;
				LD_RUNPATH_SEARCH_PATHS = (
					"$(inherited)",
					"@executable_path/Frameworks",
					"@loader_path/Frameworks",
				);
				MARKETING_VERSION = 1.0;
				PRODUCT_BUNDLE_IDENTIFIER = pro.maxgribov.TheMoviesDBUITests;
				PRODUCT_NAME = "$(TARGET_NAME)";
				SWIFT_EMIT_LOC_STRINGS = NO;
				SWIFT_VERSION = 5.0;
				TARGETED_DEVICE_FAMILY = "1,2";
				TEST_TARGET_NAME = TheMoviesDB;
			};
			name = Release;
		};
/* End XCBuildConfiguration section */

/* Begin XCConfigurationList section */
		773AFE4627595FE7007BC61F /* Build configuration list for PBXProject "TheMoviesDB" */ = {
			isa = XCConfigurationList;
			buildConfigurations = (
				773AFE7327595FE9007BC61F /* Debug */,
				773AFE7427595FE9007BC61F /* Release */,
			);
			defaultConfigurationIsVisible = 0;
			defaultConfigurationName = Release;
		};
		773AFE7527595FE9007BC61F /* Build configuration list for PBXNativeTarget "TheMoviesDB" */ = {
			isa = XCConfigurationList;
			buildConfigurations = (
				773AFE7627595FE9007BC61F /* Debug */,
				773AFE7727595FE9007BC61F /* Release */,
			);
			defaultConfigurationIsVisible = 0;
			defaultConfigurationName = Release;
		};
		773AFE7827595FE9007BC61F /* Build configuration list for PBXNativeTarget "TheMoviesDBTests" */ = {
			isa = XCConfigurationList;
			buildConfigurations = (
				773AFE7927595FE9007BC61F /* Debug */,
				773AFE7A27595FE9007BC61F /* Release */,
			);
			defaultConfigurationIsVisible = 0;
			defaultConfigurationName = Release;
		};
		773AFE7B27595FE9007BC61F /* Build configuration list for PBXNativeTarget "TheMoviesDBUITests" */ = {
			isa = XCConfigurationList;
			buildConfigurations = (
				773AFE7C27595FE9007BC61F /* Debug */,
				773AFE7D27595FE9007BC61F /* Release */,
			);
			defaultConfigurationIsVisible = 0;
			defaultConfigurationName = Release;
		};
/* End XCConfigurationList section */
	};
	rootObject = 773AFE4327595FE7007BC61F /* Project object */;
}
